
Microsoft Visual Studio Solution File, Format Version 12.00
# Visual Studio Version 17
VisualStudioVersion = 17.0.31903.59
MinimumVisualStudioVersion = 10.0.40219.1
Project("{2150E333-8FDC-42A3-9474-1A3956D46DE8}") = "MVC", "MVC", "{CB69B98E-96E7-C360-5784-DBE29CFD4E36}"
EndProject
Project("{FAE04EC0-301F-11D3-BF4B-00C04F79EFBC}") = "DotnetProject.Web", "MVC\DotnetProject.Web.csproj", "{D1E671F0-3769-40C3-AB03-9159CB8BB8C6}"
EndProject
Project("{2150E333-8FDC-42A3-9474-1A3956D46DE8}") = "tests", "tests", "{0AB3BF05-4346-4AA6-1389-037BE0695223}"
EndProject
Project("{FAE04EC0-301F-11D3-BF4B-00C04F79EFBC}") = "DotnetProject.Tests", "tests\DotnetProject.Tests\DotnetProject.Tests.csproj", "{3C246E0A-9D56-4FFB-8486-04755442F4B3}"
EndProject
Project("{FAE04EC0-301F-11D3-BF4B-00C04F79EFBC}") = "DotnetProject.Core", "DotnetProject.Core\DotnetProject.Core.csproj", "{90A32269-4915-408E-9995-6E3D6E5F8BF9}"
EndProject
Project("{FAE04EC0-301F-11D3-BF4B-00C04F79EFBC}") = "DotnetProject.Api", "DotnetProject.Api\DotnetProject.Api.csproj", "{0D10B82B-4DC2-474A-ABEF-7D3D45FB512E}"
EndProject
Global
	GlobalSection(SolutionConfigurationPlatforms) = preSolution
		Debug|Any CPU = Debug|Any CPU
		Debug|x64 = Debug|x64
		Debug|x86 = Debug|x86
		Release|Any CPU = Release|Any CPU
		Release|x64 = Release|x64
		Release|x86 = Release|x86
	EndGlobalSection
	GlobalSection(ProjectConfigurationPlatforms) = postSolution
		{D1E671F0-3769-40C3-AB03-9159CB8BB8C6}.Debug|Any CPU.ActiveCfg = Debug|Any CPU
		{D1E671F0-3769-40C3-AB03-9159CB8BB8C6}.Debug|Any CPU.Build.0 = Debug|Any CPU
		{D1E671F0-3769-40C3-AB03-9159CB8BB8C6}.Debug|x64.ActiveCfg = Debug|Any CPU
		{D1E671F0-3769-40C3-AB03-9159CB8BB8C6}.Debug|x64.Build.0 = Debug|Any CPU
		{D1E671F0-3769-40C3-AB03-9159CB8BB8C6}.Debug|x86.ActiveCfg = Debug|Any CPU
		{D1E671F0-3769-40C3-AB03-9159CB8BB8C6}.Debug|x86.Build.0 = Debug|Any CPU
		{D1E671F0-3769-40C3-AB03-9159CB8BB8C6}.Release|Any CPU.ActiveCfg = Release|Any CPU
		{D1E671F0-3769-40C3-AB03-9159CB8BB8C6}.Release|Any CPU.Build.0 = Release|Any CPU
		{D1E671F0-3769-40C3-AB03-9159CB8BB8C6}.Release|x64.ActiveCfg = Release|Any CPU
		{D1E671F0-3769-40C3-AB03-9159CB8BB8C6}.Release|x64.Build.0 = Release|Any CPU
		{D1E671F0-3769-40C3-AB03-9159CB8BB8C6}.Release|x86.ActiveCfg = Release|Any CPU
		{D1E671F0-3769-40C3-AB03-9159CB8BB8C6}.Release|x86.Build.0 = Release|Any CPU
		{3C246E0A-9D56-4FFB-8486-04755442F4B3}.Debug|Any CPU.ActiveCfg = Debug|Any CPU
		{3C246E0A-9D56-4FFB-8486-04755442F4B3}.Debug|Any CPU.Build.0 = Debug|Any CPU
		{3C246E0A-9D56-4FFB-8486-04755442F4B3}.Debug|x64.ActiveCfg = Debug|Any CPU
		{3C246E0A-9D56-4FFB-8486-04755442F4B3}.Debug|x64.Build.0 = Debug|Any CPU
		{3C246E0A-9D56-4FFB-8486-04755442F4B3}.Debug|x86.ActiveCfg = Debug|Any CPU
		{3C246E0A-9D56-4FFB-8486-04755442F4B3}.Debug|x86.Build.0 = Debug|Any CPU
		{3C246E0A-9D56-4FFB-8486-04755442F4B3}.Release|Any CPU.ActiveCfg = Release|Any CPU
		{3C246E0A-9D56-4FFB-8486-04755442F4B3}.Release|Any CPU.Build.0 = Release|Any CPU
		{3C246E0A-9D56-4FFB-8486-04755442F4B3}.Release|x64.ActiveCfg = Release|Any CPU
		{3C246E0A-9D56-4FFB-8486-04755442F4B3}.Release|x64.Build.0 = Release|Any CPU
		{3C246E0A-9D56-4FFB-8486-04755442F4B3}.Release|x86.ActiveCfg = Release|Any CPU
		{3C246E0A-9D56-4FFB-8486-04755442F4B3}.Release|x86.Build.0 = Release|Any CPU
		{90A32269-4915-408E-9995-6E3D6E5F8BF9}.Debug|Any CPU.ActiveCfg = Debug|Any CPU
		{90A32269-4915-408E-9995-6E3D6E5F8BF9}.Debug|Any CPU.Build.0 = Debug|Any CPU
		{90A32269-4915-408E-9995-6E3D6E5F8BF9}.Debug|x64.ActiveCfg = Debug|Any CPU
		{90A32269-4915-408E-9995-6E3D6E5F8BF9}.Debug|x64.Build.0 = Debug|Any CPU
		{90A32269-4915-408E-9995-6E3D6E5F8BF9}.Debug|x86.ActiveCfg = Debug|Any CPU
		{90A32269-4915-408E-9995-6E3D6E5F8BF9}.Debug|x86.Build.0 = Debug|Any CPU
		{90A32269-4915-408E-9995-6E3D6E5F8BF9}.Release|Any CPU.ActiveCfg = Release|Any CPU
		{90A32269-4915-408E-9995-6E3D6E5F8BF9}.Release|Any CPU.Build.0 = Release|Any CPU
		{90A32269-4915-408E-9995-6E3D6E5F8BF9}.Release|x64.ActiveCfg = Release|Any CPU
		{90A32269-4915-408E-9995-6E3D6E5F8BF9}.Release|x64.Build.0 = Release|Any CPU
		{90A32269-4915-408E-9995-6E3D6E5F8BF9}.Release|x86.ActiveCfg = Release|Any CPU
		{90A32269-4915-408E-9995-6E3D6E5F8BF9}.Release|x86.Build.0 = Release|Any CPU
		{0D10B82B-4DC2-474A-ABEF-7D3D45FB512E}.Debug|Any CPU.ActiveCfg = Debug|Any CPU
		{0D10B82B-4DC2-474A-ABEF-7D3D45FB512E}.Debug|Any CPU.Build.0 = Debug|Any CPU
		{0D10B82B-4DC2-474A-ABEF-7D3D45FB512E}.Debug|x64.ActiveCfg = Debug|Any CPU
		{0D10B82B-4DC2-474A-ABEF-7D3D45FB512E}.Debug|x64.Build.0 = Debug|Any CPU
		{0D10B82B-4DC2-474A-ABEF-7D3D45FB512E}.Debug|x86.ActiveCfg = Debug|Any CPU
		{0D10B82B-4DC2-474A-ABEF-7D3D45FB512E}.Debug|x86.Build.0 = Debug|Any CPU
		{0D10B82B-4DC2-474A-ABEF-7D3D45FB512E}.Release|Any CPU.ActiveCfg = Release|Any CPU
		{0D10B82B-4DC2-474A-ABEF-7D3D45FB512E}.Release|Any CPU.Build.0 = Release|Any CPU
		{0D10B82B-4DC2-474A-ABEF-7D3D45FB512E}.Release|x64.ActiveCfg = Release|Any CPU
		{0D10B82B-4DC2-474A-ABEF-7D3D45FB512E}.Release|x64.Build.0 = Release|Any CPU
		{0D10B82B-4DC2-474A-ABEF-7D3D45FB512E}.Release|x86.ActiveCfg = Release|Any CPU
		{0D10B82B-4DC2-474A-ABEF-7D3D45FB512E}.Release|x86.Build.0 = Release|Any CPU
	EndGlobalSection
	GlobalSection(SolutionProperties) = preSolution
		HideSolutionNode = FALSE
	EndGlobalSection
	GlobalSection(NestedProjects) = preSolution
		{D1E671F0-3769-40C3-AB03-9159CB8BB8C6} = {CB69B98E-96E7-C360-5784-DBE29CFD4E36}
		{3C246E0A-9D56-4FFB-8486-04755442F4B3} = {0AB3BF05-4346-4AA6-1389-037BE0695223}
	EndGlobalSection
EndGlobal
